
Microsoft Visual Studio Solution File, Format Version 12.00
# Visual Studio 15
VisualStudioVersion = 15.0.27004.2008
MinimumVisualStudioVersion = 10.0.40219.1
Project("{9A19103F-16F7-4668-BE54-9A1E7A4F7556}") = "NSI.REST", "NSI.REST\NSI.REST.csproj", "{8417EC8A-2019-496C-9CFD-A7F58F700BD9}"
EndProject
Project("{9A19103F-16F7-4668-BE54-9A1E7A4F7556}") = "NSI.DC", "NSI.DC\NSI.DC.csproj", "{DBC162C8-1815-499C-9CFE-F9DEB227BA8E}"
EndProject
Project("{9A19103F-16F7-4668-BE54-9A1E7A4F7556}") = "NSI.BLL", "NSI.BLL\NSI.BLL.csproj", "{38C60AD3-6CC8-4C0B-AA54-4B5DB63CF5B6}"
EndProject
Project("{9A19103F-16F7-4668-BE54-9A1E7A4F7556}") = "IkarusEntities", "IkarusEntities\IkarusEntities.csproj", "{7097F0BD-5132-4DA2-9506-3194E3DE80D7}"
EndProject
Project("{9A19103F-16F7-4668-BE54-9A1E7A4F7556}") = "NSI.Tests", "NSI.Tests\NSI.Tests.csproj", "{4FAC430D-7DD6-4A3C-9EC8-EDE636F941BB}"
EndProject
Project("{9A19103F-16F7-4668-BE54-9A1E7A4F7556}") = "NSI.Repository", "NSI.Repository\NSI.Repository.csproj", "{12C413F3-5076-4530-9160-682C17F1E865}"
EndProject
Project("{9A19103F-16F7-4668-BE54-9A1E7A4F7556}") = "NSI.Logger", "NSI.Logger\NSI.Logger.csproj", "{D25F1663-C9A0-40B4-AB66-6762670DF191}"
EndProject
Global
	GlobalSection(SolutionConfigurationPlatforms) = preSolution
		Debug|Any CPU = Debug|Any CPU
		Release|Any CPU = Release|Any CPU
	EndGlobalSection
	GlobalSection(ProjectConfigurationPlatforms) = postSolution
		{8417EC8A-2019-496C-9CFD-A7F58F700BD9}.Debug|Any CPU.ActiveCfg = Debug|Any CPU
		{8417EC8A-2019-496C-9CFD-A7F58F700BD9}.Debug|Any CPU.Build.0 = Debug|Any CPU
		{8417EC8A-2019-496C-9CFD-A7F58F700BD9}.Release|Any CPU.ActiveCfg = Release|Any CPU
		{8417EC8A-2019-496C-9CFD-A7F58F700BD9}.Release|Any CPU.Build.0 = Release|Any CPU
		{DBC162C8-1815-499C-9CFE-F9DEB227BA8E}.Debug|Any CPU.ActiveCfg = Debug|Any CPU
		{DBC162C8-1815-499C-9CFE-F9DEB227BA8E}.Debug|Any CPU.Build.0 = Debug|Any CPU
		{DBC162C8-1815-499C-9CFE-F9DEB227BA8E}.Release|Any CPU.ActiveCfg = Release|Any CPU
		{DBC162C8-1815-499C-9CFE-F9DEB227BA8E}.Release|Any CPU.Build.0 = Release|Any CPU
		{38C60AD3-6CC8-4C0B-AA54-4B5DB63CF5B6}.Debug|Any CPU.ActiveCfg = Debug|Any CPU
		{38C60AD3-6CC8-4C0B-AA54-4B5DB63CF5B6}.Debug|Any CPU.Build.0 = Debug|Any CPU
		{38C60AD3-6CC8-4C0B-AA54-4B5DB63CF5B6}.Release|Any CPU.ActiveCfg = Release|Any CPU
		{38C60AD3-6CC8-4C0B-AA54-4B5DB63CF5B6}.Release|Any CPU.Build.0 = Release|Any CPU
		{7097F0BD-5132-4DA2-9506-3194E3DE80D7}.Debug|Any CPU.ActiveCfg = Debug|Any CPU
		{7097F0BD-5132-4DA2-9506-3194E3DE80D7}.Debug|Any CPU.Build.0 = Debug|Any CPU
		{7097F0BD-5132-4DA2-9506-3194E3DE80D7}.Release|Any CPU.ActiveCfg = Release|Any CPU
		{7097F0BD-5132-4DA2-9506-3194E3DE80D7}.Release|Any CPU.Build.0 = Release|Any CPU
		{4FAC430D-7DD6-4A3C-9EC8-EDE636F941BB}.Debug|Any CPU.ActiveCfg = Debug|Any CPU
		{4FAC430D-7DD6-4A3C-9EC8-EDE636F941BB}.Debug|Any CPU.Build.0 = Debug|Any CPU
		{4FAC430D-7DD6-4A3C-9EC8-EDE636F941BB}.Release|Any CPU.ActiveCfg = Release|Any CPU
		{4FAC430D-7DD6-4A3C-9EC8-EDE636F941BB}.Release|Any CPU.Build.0 = Release|Any CPU
		{12C413F3-5076-4530-9160-682C17F1E865}.Debug|Any CPU.ActiveCfg = Debug|Any CPU
		{12C413F3-5076-4530-9160-682C17F1E865}.Debug|Any CPU.Build.0 = Debug|Any CPU
		{12C413F3-5076-4530-9160-682C17F1E865}.Release|Any CPU.ActiveCfg = Release|Any CPU
		{12C413F3-5076-4530-9160-682C17F1E865}.Release|Any CPU.Build.0 = Release|Any CPU
		{D25F1663-C9A0-40B4-AB66-6762670DF191}.Debug|Any CPU.ActiveCfg = Debug|Any CPU
		{D25F1663-C9A0-40B4-AB66-6762670DF191}.Debug|Any CPU.Build.0 = Debug|Any CPU
		{D25F1663-C9A0-40B4-AB66-6762670DF191}.Release|Any CPU.ActiveCfg = Release|Any CPU
		{D25F1663-C9A0-40B4-AB66-6762670DF191}.Release|Any CPU.Build.0 = Release|Any CPU
	EndGlobalSection
	GlobalSection(SolutionProperties) = preSolution
		HideSolutionNode = FALSE
	EndGlobalSection
	GlobalSection(ExtensibilityGlobals) = postSolution
		SolutionGuid = {4D1364A1-A393-4540-87BA-4DC6EF4F1AA6}
	EndGlobalSection
EndGlobal
